
Microsoft Visual Studio Solution File, Format Version 12.00
# Visual Studio Version 17
VisualStudioVersion = 17.10.35122.118
MinimumVisualStudioVersion = 10.0.40219.1
Project("{FAE04EC0-301F-11D3-BF4B-00C04F79EFBC}") = "TempProj", "TempProj.csproj", "{DBB5D40D-67B5-434B-8B35-AC4E0D6EC5DD}"
EndProject
Global
	GlobalSection(SolutionConfigurationPlatforms) = preSolution
		Debug|Any CPU = Debug|Any CPU
		Release|Any CPU = Release|Any CPU
	EndGlobalSection
	GlobalSection(ProjectConfigurationPlatforms) = postSolution
		{DBB5D40D-67B5-434B-8B35-AC4E0D6EC5DD}.Debug|Any CPU.ActiveCfg = Debug|Any CPU
		{DBB5D40D-67B5-434B-8B35-AC4E0D6EC5DD}.Debug|Any CPU.Build.0 = Debug|Any CPU
		{DBB5D40D-67B5-434B-8B35-AC4E0D6EC5DD}.Release|Any CPU.ActiveCfg = Release|Any CPU
		{DBB5D40D-67B5-434B-8B35-AC4E0D6EC5DD}.Release|Any CPU.Build.0 = Release|Any CPU
	EndGlobalSection
	GlobalSection(SolutionProperties) = preSolution
		HideSolutionNode = FALSE
	EndGlobalSection
	GlobalSection(ExtensibilityGlobals) = postSolution
		SolutionGuid = {753622CB-AE38-479D-8DBA-4D271C50E26C}
	EndGlobalSection
EndGlobal
